
Microsoft Visual Studio Solution File, Format Version 12.00
# Visual Studio Version 17
VisualStudioVersion = 17.0.31903.59
MinimumVisualStudioVersion = 10.0.40219.1
Project("{FAE04EC0-301F-11D3-BF4B-00C04F79EFBC}") = "BookSummary.Domain", "BookSummary.Domain\BookSummary.Domain.csproj", "{924A8C3B-E0FF-4D24-B9A7-FC038B77DB08}"
EndProject
Project("{FAE04EC0-301F-11D3-BF4B-00C04F79EFBC}") = "BookSummary.Application", "BookSummary.Application\BookSummary.Application.csproj", "{99CEF24C-2463-4E2E-8946-C75FB2D247D2}"
EndProject
Project("{FAE04EC0-301F-11D3-BF4B-00C04F79EFBC}") = "BookSummary.Infrastructure", "BookSummary.Infrastructure\BookSummary.Infrastructure.csproj", "{3E304A31-D97B-4C64-AC6B-1C9BBBDCA280}"
EndProject
Project("{FAE04EC0-301F-11D3-BF4B-00C04F79EFBC}") = "BookSummary.Web", "BookSummary.Web\BookSummary.Web.csproj", "{B4E7E08C-B350-4660-BBA9-D4491454CBCB}"
EndProject
Global
	GlobalSection(SolutionConfigurationPlatforms) = preSolution
		Debug|Any CPU = Debug|Any CPU
		Release|Any CPU = Release|Any CPU
	EndGlobalSection
	GlobalSection(SolutionProperties) = preSolution
		HideSolutionNode = FALSE
	EndGlobalSection
	GlobalSection(ProjectConfigurationPlatforms) = postSolution
		{924A8C3B-E0FF-4D24-B9A7-FC038B77DB08}.Debug|Any CPU.ActiveCfg = Debug|Any CPU
		{924A8C3B-E0FF-4D24-B9A7-FC038B77DB08}.Debug|Any CPU.Build.0 = Debug|Any CPU
		{924A8C3B-E0FF-4D24-B9A7-FC038B77DB08}.Release|Any CPU.ActiveCfg = Release|Any CPU
		{924A8C3B-E0FF-4D24-B9A7-FC038B77DB08}.Release|Any CPU.Build.0 = Release|Any CPU
		{99CEF24C-2463-4E2E-8946-C75FB2D247D2}.Debug|Any CPU.ActiveCfg = Debug|Any CPU
		{99CEF24C-2463-4E2E-8946-C75FB2D247D2}.Debug|Any CPU.Build.0 = Debug|Any CPU
		{99CEF24C-2463-4E2E-8946-C75FB2D247D2}.Release|Any CPU.ActiveCfg = Release|Any CPU
		{99CEF24C-2463-4E2E-8946-C75FB2D247D2}.Release|Any CPU.Build.0 = Release|Any CPU
		{3E304A31-D97B-4C64-AC6B-1C9BBBDCA280}.Debug|Any CPU.ActiveCfg = Debug|Any CPU
		{3E304A31-D97B-4C64-AC6B-1C9BBBDCA280}.Debug|Any CPU.Build.0 = Debug|Any CPU
		{3E304A31-D97B-4C64-AC6B-1C9BBBDCA280}.Release|Any CPU.ActiveCfg = Release|Any CPU
		{3E304A31-D97B-4C64-AC6B-1C9BBBDCA280}.Release|Any CPU.Build.0 = Release|Any CPU
		{B4E7E08C-B350-4660-BBA9-D4491454CBCB}.Debug|Any CPU.ActiveCfg = Debug|Any CPU
		{B4E7E08C-B350-4660-BBA9-D4491454CBCB}.Debug|Any CPU.Build.0 = Debug|Any CPU
		{B4E7E08C-B350-4660-BBA9-D4491454CBCB}.Release|Any CPU.ActiveCfg = Release|Any CPU
		{B4E7E08C-B350-4660-BBA9-D4491454CBCB}.Release|Any CPU.Build.0 = Release|Any CPU
	EndGlobalSection
EndGlobal
